{
  "requires": true,
  "lockfileVersion": 1,
  "dependencies": {
    "angular6-material-table": {
      "version": "0.0.17",
      "resolved": "https://registry.npmjs.org/angular6-material-table/-/angular6-material-table-0.0.17.tgz",
      "integrity": "sha512-MI8IaKo4TzL3Q2WJZ57tXvHU8t+GwEXxt2Yir0Vi0nd2Hx3hb3wDj8LLqxWo6lBQSMmj9fb8K6qGJaxstxfVww==",
      "requires": {
        "tslib": "^1.9.0"
      }
    },
    "tslib": {
      "version": "1.9.3",
      "resolved": "https://registry.npmjs.org/tslib/-/tslib-1.9.3.tgz",
      "integrity": "sha512-4krF8scpejhaOgqzBEcGM7yDIEfi0/8+8zDRZhNZZ2kjmHJ4hv3zCbQWxoJGz1iw5U0Jl0nma13xzHXcncMavQ=="
    }
  }
}
